
Microsoft Visual Studio Solution File, Format Version 12.00
# Visual Studio Version 16
VisualStudioVersion = 16.0.32106.194
MinimumVisualStudioVersion = 10.0.40219.1
Project("{FAE04EC0-301F-11D3-BF4B-00C04F79EFBC}") = "LabClases2", "LabClases2\LabClases2.csproj", "{815DC748-7D80-4FF3-AC24-900BAA1F136E}"
EndProject
Project("{FAE04EC0-301F-11D3-BF4B-00C04F79EFBC}") = "Clases", "Clases\Clases.csproj", "{2B56E81A-54EA-4EA2-9E1D-8EA55F71B3F4}"
EndProject
Global
	GlobalSection(SolutionConfigurationPlatforms) = preSolution
		Debug|Any CPU = Debug|Any CPU
		Release|Any CPU = Release|Any CPU
	EndGlobalSection
	GlobalSection(ProjectConfigurationPlatforms) = postSolution
		{815DC748-7D80-4FF3-AC24-900BAA1F136E}.Debug|Any CPU.ActiveCfg = Debug|Any CPU
		{815DC748-7D80-4FF3-AC24-900BAA1F136E}.Debug|Any CPU.Build.0 = Debug|Any CPU
		{815DC748-7D80-4FF3-AC24-900BAA1F136E}.Release|Any CPU.ActiveCfg = Release|Any CPU
		{815DC748-7D80-4FF3-AC24-900BAA1F136E}.Release|Any CPU.Build.0 = Release|Any CPU
		{2B56E81A-54EA-4EA2-9E1D-8EA55F71B3F4}.Debug|Any CPU.ActiveCfg = Debug|Any CPU
		{2B56E81A-54EA-4EA2-9E1D-8EA55F71B3F4}.Debug|Any CPU.Build.0 = Debug|Any CPU
		{2B56E81A-54EA-4EA2-9E1D-8EA55F71B3F4}.Release|Any CPU.ActiveCfg = Release|Any CPU
		{2B56E81A-54EA-4EA2-9E1D-8EA55F71B3F4}.Release|Any CPU.Build.0 = Release|Any CPU
	EndGlobalSection
	GlobalSection(SolutionProperties) = preSolution
		HideSolutionNode = FALSE
	EndGlobalSection
	GlobalSection(ExtensibilityGlobals) = postSolution
		SolutionGuid = {E9F0641D-1757-4B33-BD34-1AB49BCFFEA6}
	EndGlobalSection
EndGlobal
