
Microsoft Visual Studio Solution File, Format Version 12.00
# Visual Studio Version 16
VisualStudioVersion = 16.0.32106.194
MinimumVisualStudioVersion = 10.0.40219.1
Project("{FAE04EC0-301F-11D3-BF4B-00C04F79EFBC}") = "LabClases3", "LabClases3\LabClases3.csproj", "{46C334D4-FF90-47B8-82D0-9C40BA41122F}"
EndProject
Project("{FAE04EC0-301F-11D3-BF4B-00C04F79EFBC}") = "Geometria", "Geometria\Geometria.csproj", "{7B248D30-8A60-4D2F-9B79-EAE167A8E87A}"
EndProject
Global
	GlobalSection(SolutionConfigurationPlatforms) = preSolution
		Debug|Any CPU = Debug|Any CPU
		Release|Any CPU = Release|Any CPU
	EndGlobalSection
	GlobalSection(ProjectConfigurationPlatforms) = postSolution
		{46C334D4-FF90-47B8-82D0-9C40BA41122F}.Debug|Any CPU.ActiveCfg = Debug|Any CPU
		{46C334D4-FF90-47B8-82D0-9C40BA41122F}.Debug|Any CPU.Build.0 = Debug|Any CPU
		{46C334D4-FF90-47B8-82D0-9C40BA41122F}.Release|Any CPU.ActiveCfg = Release|Any CPU
		{46C334D4-FF90-47B8-82D0-9C40BA41122F}.Release|Any CPU.Build.0 = Release|Any CPU
		{7B248D30-8A60-4D2F-9B79-EAE167A8E87A}.Debug|Any CPU.ActiveCfg = Debug|Any CPU
		{7B248D30-8A60-4D2F-9B79-EAE167A8E87A}.Debug|Any CPU.Build.0 = Debug|Any CPU
		{7B248D30-8A60-4D2F-9B79-EAE167A8E87A}.Release|Any CPU.ActiveCfg = Release|Any CPU
		{7B248D30-8A60-4D2F-9B79-EAE167A8E87A}.Release|Any CPU.Build.0 = Release|Any CPU
	EndGlobalSection
	GlobalSection(SolutionProperties) = preSolution
		HideSolutionNode = FALSE
	EndGlobalSection
	GlobalSection(ExtensibilityGlobals) = postSolution
		SolutionGuid = {F6873581-AF1B-4EFD-BF46-CC45AAD86A3C}
	EndGlobalSection
EndGlobal
